// !$*UTF8*$!
{
	archiveVersion = 1;
	classes = {
	};
	objectVersion = 50;
	objects = {

/* Begin PBXBuildFile section */
		3A4708572619639000507F37 /* AppDelegate.swift in Sources */ = {isa = PBXBuildFile; fileRef = 3A4708562619639000507F37 /* AppDelegate.swift */; };
		3A4708592619639000507F37 /* SceneDelegate.swift in Sources */ = {isa = PBXBuildFile; fileRef = 3A4708582619639000507F37 /* SceneDelegate.swift */; };
		3A47085E2619639000507F37 /* Main.storyboard in Resources */ = {isa = PBXBuildFile; fileRef = 3A47085C2619639000507F37 /* Main.storyboard */; };
		3A4708602619639100507F37 /* Assets.xcassets in Resources */ = {isa = PBXBuildFile; fileRef = 3A47085F2619639100507F37 /* Assets.xcassets */; };
		3A4708632619639100507F37 /* LaunchScreen.storyboard in Resources */ = {isa = PBXBuildFile; fileRef = 3A4708612619639100507F37 /* LaunchScreen.storyboard */; };
		3ACDEAE22627313800BD4AAC /* QuizListController.swift in Sources */ = {isa = PBXBuildFile; fileRef = 3ACDEAE12627313800BD4AAC /* QuizListController.swift */; };
		3ACDEAE62627315900BD4AAC /* CourseListController.swift in Sources */ = {isa = PBXBuildFile; fileRef = 3ACDEAE52627315900BD4AAC /* CourseListController.swift */; };
		3ACDEAE92627317200BD4AAC /* QuizController.swift in Sources */ = {isa = PBXBuildFile; fileRef = 3ACDEAE82627317200BD4AAC /* QuizController.swift */; };
		3ACDEAEC2627318700BD4AAC /* LeaderboardController.swift in Sources */ = {isa = PBXBuildFile; fileRef = 3ACDEAEB2627318700BD4AAC /* LeaderboardController.swift */; };
/* End PBXBuildFile section */

/* Begin PBXFileReference section */
		3A4708532619639000507F37 /* Group_Study_App.app */ = {isa = PBXFileReference; explicitFileType = wrapper.application; includeInIndex = 0; path = Group_Study_App.app; sourceTree = BUILT_PRODUCTS_DIR; };
		3A4708562619639000507F37 /* AppDelegate.swift */ = {isa = PBXFileReference; lastKnownFileType = sourcecode.swift; path = AppDelegate.swift; sourceTree = "<group>"; };
		3A4708582619639000507F37 /* SceneDelegate.swift */ = {isa = PBXFileReference; lastKnownFileType = sourcecode.swift; path = SceneDelegate.swift; sourceTree = "<group>"; };
		3A47085D2619639000507F37 /* Base */ = {isa = PBXFileReference; lastKnownFileType = file.storyboard; name = Base; path = Base.lproj/Main.storyboard; sourceTree = "<group>"; };
		3A47085F2619639100507F37 /* Assets.xcassets */ = {isa = PBXFileReference; lastKnownFileType = folder.assetcatalog; path = Assets.xcassets; sourceTree = "<group>"; };
		3A4708622619639100507F37 /* Base */ = {isa = PBXFileReference; lastKnownFileType = file.storyboard; name = Base; path = Base.lproj/LaunchScreen.storyboard; sourceTree = "<group>"; };
		3A4708642619639100507F37 /* Info.plist */ = {isa = PBXFileReference; lastKnownFileType = text.plist.xml; path = Info.plist; sourceTree = "<group>"; };
		3ACDEAE12627313800BD4AAC /* QuizListController.swift */ = {isa = PBXFileReference; lastKnownFileType = sourcecode.swift; path = QuizListController.swift; sourceTree = "<group>"; };
		3ACDEAE52627315900BD4AAC /* CourseListController.swift */ = {isa = PBXFileReference; lastKnownFileType = sourcecode.swift; path = CourseListController.swift; sourceTree = "<group>"; };
		3ACDEAE82627317200BD4AAC /* QuizController.swift */ = {isa = PBXFileReference; lastKnownFileType = sourcecode.swift; path = QuizController.swift; sourceTree = "<group>"; };
		3ACDEAEB2627318700BD4AAC /* LeaderboardController.swift */ = {isa = PBXFileReference; lastKnownFileType = sourcecode.swift; path = LeaderboardController.swift; sourceTree = "<group>"; };
/* End PBXFileReference section */

/* Begin PBXFrameworksBuildPhase section */
		3A4708502619639000507F37 /* Frameworks */ = {
			isa = PBXFrameworksBuildPhase;
			buildActionMask = 2147483647;
			files = (
			);
			runOnlyForDeploymentPostprocessing = 0;
		};
/* End PBXFrameworksBuildPhase section */

/* Begin PBXGroup section */
		3A47084A2619639000507F37 = {
			isa = PBXGroup;
			children = (
				3A4708552619639000507F37 /* Group_Study_App */,
				3A4708542619639000507F37 /* Products */,
			);
			sourceTree = "<group>";
		};
		3A4708542619639000507F37 /* Products */ = {
			isa = PBXGroup;
			children = (
				3A4708532619639000507F37 /* Group_Study_App.app */,
			);
			name = Products;
			sourceTree = "<group>";
		};
		3A4708552619639000507F37 /* Group_Study_App */ = {
			isa = PBXGroup;
			children = (
				3A4708562619639000507F37 /* AppDelegate.swift */,
				3A4708582619639000507F37 /* SceneDelegate.swift */,
				3ACDEAE12627313800BD4AAC /* QuizListController.swift */,
				3ACDEAE52627315900BD4AAC /* CourseListController.swift */,
				3ACDEAE82627317200BD4AAC /* QuizController.swift */,
				3ACDEAEB2627318700BD4AAC /* LeaderboardController.swift */,
				3A47085C2619639000507F37 /* Main.storyboard */,
				3A47085F2619639100507F37 /* Assets.xcassets */,
				3A4708612619639100507F37 /* LaunchScreen.storyboard */,
				3A4708642619639100507F37 /* Info.plist */,
			);
			path = Group_Study_App;
			sourceTree = "<group>";
		};
/* End PBXGroup section */

/* Begin PBXNativeTarget section */
		3A4708522619639000507F37 /* Group_Study_App */ = {
			isa = PBXNativeTarget;
			buildConfigurationList = 3A4708672619639100507F37 /* Build configuration list for PBXNativeTarget "Group_Study_App" */;
			buildPhases = (
				3A47084F2619639000507F37 /* Sources */,
				3A4708502619639000507F37 /* Frameworks */,
				3A4708512619639000507F37 /* Resources */,
			);
			buildRules = (
			);
			dependencies = (
			);
			name = Group_Study_App;
			productName = Group_Study_App;
			productReference = 3A4708532619639000507F37 /* Group_Study_App.app */;
			productType = "com.apple.product-type.application";
		};
/* End PBXNativeTarget section */

/* Begin PBXProject section */
		3A47084B2619639000507F37 /* Project object */ = {
			isa = PBXProject;
			attributes = {
				LastSwiftUpdateCheck = 1240;
				LastUpgradeCheck = 1240;
				TargetAttributes = {
					3A4708522619639000507F37 = {
						CreatedOnToolsVersion = 12.4;
					};
				};
			};
			buildConfigurationList = 3A47084E2619639000507F37 /* Build configuration list for PBXProject "Group_Study_App" */;
			compatibilityVersion = "Xcode 9.3";
			developmentRegion = en;
			hasScannedForEncodings = 0;
			knownRegions = (
				en,
				Base,
			);
			mainGroup = 3A47084A2619639000507F37;
			productRefGroup = 3A4708542619639000507F37 /* Products */;
			projectDirPath = "";
			projectRoot = "";
			targets = (
				3A4708522619639000507F37 /* Group_Study_App */,
			);
		};
/* End PBXProject section */

/* Begin PBXResourcesBuildPhase section */
		3A4708512619639000507F37 /* Resources */ = {
			isa = PBXResourcesBuildPhase;
			buildActionMask = 2147483647;
			files = (
				3A4708632619639100507F37 /* LaunchScreen.storyboard in Resources */,
				3A4708602619639100507F37 /* Assets.xcassets in Resources */,
				3A47085E2619639000507F37 /* Main.storyboard in Resources */,
			);
			runOnlyForDeploymentPostprocessing = 0;
		};
/* End PBXResourcesBuildPhase section */

/* Begin PBXSourcesBuildPhase section */
		3A47084F2619639000507F37 /* Sources */ = {
			isa = PBXSourcesBuildPhase;
			buildActionMask = 2147483647;
			files = (
				3ACDEAE22627313800BD4AAC /* QuizListController.swift in Sources */,
				3A4708572619639000507F37 /* AppDelegate.swift in Sources */,
				3ACDEAE92627317200BD4AAC /* QuizController.swift in Sources */,
				3ACDEAEC2627318700BD4AAC /* LeaderboardController.swift in Sources */,
				3ACDEAE62627315900BD4AAC /* CourseListController.swift in Sources */,
				3A4708592619639000507F37 /* SceneDelegate.swift in Sources */,
			);
			runOnlyForDeploymentPostprocessing = 0;
		};
/* End PBXSourcesBuildPhase section */

/* Begin PBXVariantGroup section */
		3A47085C2619639000507F37 /* Main.storyboard */ = {
			isa = PBXVariantGroup;
			children = (
				3A47085D2619639000507F37 /* Base */,
			);
			name = Main.storyboard;
			sourceTree = "<group>";
		};
		3A4708612619639100507F37 /* LaunchScreen.storyboard */ = {
			isa = PBXVariantGroup;
			children = (
				3A4708622619639100507F37 /* Base */,
			);
			name = LaunchScreen.storyboard;
			sourceTree = "<group>";
		};
/* End PBXVariantGroup section */

/* Begin XCBuildConfiguration section */
		3A4708652619639100507F37 /* Debug */ = {
			isa = XCBuildConfiguration;
			buildSettings = {
				ALWAYS_SEARCH_USER_PATHS = NO;
				CLANG_ANALYZER_NONNULL = YES;
				CLANG_ANALYZER_NUMBER_OBJECT_CONVERSION = YES_AGGRESSIVE;
				CLANG_CXX_LANGUAGE_STANDARD = "gnu++14";
				CLANG_CXX_LIBRARY = "libc++";
				CLANG_ENABLE_MODULES = YES;
				CLANG_ENABLE_OBJC_ARC = YES;
				CLANG_ENABLE_OBJC_WEAK = YES;
				CLANG_WARN_BLOCK_CAPTURE_AUTORELEASING = YES;
				CLANG_WARN_BOOL_CONVERSION = YES;
				CLANG_WARN_COMMA = YES;
				CLANG_WARN_CONSTANT_CONVERSION = YES;
				CLANG_WARN_DEPRECATED_OBJC_IMPLEMENTATIONS = YES;
				CLANG_WARN_DIRECT_OBJC_ISA_USAGE = YES_ERROR;
				CLANG_WARN_DOCUMENTATION_COMMENTS = YES;
				CLANG_WARN_EMPTY_BODY = YES;
				CLANG_WARN_ENUM_CONVERSION = YES;
				CLANG_WARN_INFINITE_RECURSION = YES;
				CLANG_WARN_INT_CONVERSION = YES;
				CLANG_WARN_NON_LITERAL_NULL_CONVERSION = YES;
				CLANG_WARN_OBJC_IMPLICIT_RETAIN_SELF = YES;
				CLANG_WARN_OBJC_LITERAL_CONVERSION = YES;
				CLANG_WARN_OBJC_ROOT_CLASS = YES_ERROR;
				CLANG_WARN_QUOTED_INCLUDE_IN_FRAMEWORK_HEADER = YES;
				CLANG_WARN_RANGE_LOOP_ANALYSIS = YES;
				CLANG_WARN_STRICT_PROTOTYPES = YES;
				CLANG_WARN_SUSPICIOUS_MOVE = YES;
				CLANG_WARN_UNGUARDED_AVAILABILITY = YES_AGGRESSIVE;
				CLANG_WARN_UNREACHABLE_CODE = YES;
				CLANG_WARN__DUPLICATE_METHOD_MATCH = YES;
				COPY_PHASE_STRIP = NO;
				DEBUG_INFORMATION_FORMAT = dwarf;
				ENABLE_STRICT_OBJC_MSGSEND = YES;
				ENABLE_TESTABILITY = YES;
				GCC_C_LANGUAGE_STANDARD = gnu11;
				GCC_DYNAMIC_NO_PIC = NO;
				GCC_NO_COMMON_BLOCKS = YES;
				GCC_OPTIMIZATION_LEVEL = 0;
				GCC_PREPROCESSOR_DEFINITIONS = (
					"DEBUG=1",
					"$(inherited)",
				);
				GCC_WARN_64_TO_32_BIT_CONVERSION = YES;
				GCC_WARN_ABOUT_RETURN_TYPE = YES_ERROR;
				GCC_WARN_UNDECLARED_SELECTOR = YES;
				GCC_WARN_UNINITIALIZED_AUTOS = YES_AGGRESSIVE;
				GCC_WARN_UNUSED_FUNCTION = YES;
				GCC_WARN_UNUSED_VARIABLE = YES;
				IPHONEOS_DEPLOYMENT_TARGET = 14.4;
				MTL_ENABLE_DEBUG_INFO = INCLUDE_SOURCE;
				MTL_FAST_MATH = YES;
				ONLY_ACTIVE_ARCH = YES;
				SDKROOT = iphoneos;
				SWIFT_ACTIVE_COMPILATION_CONDITIONS = DEBUG;
				SWIFT_OPTIMIZATION_LEVEL = "-Onone";
			};
			name = Debug;
		};
		3A4708662619639100507F37 /* Release */ = {
			isa = XCBuildConfiguration;
			buildSettings = {
				ALWAYS_SEARCH_USER_PATHS = NO;
				CLANG_ANALYZER_NONNULL = YES;
				CLANG_ANALYZER_NUMBER_OBJECT_CONVERSION = YES_AGGRESSIVE;
				CLANG_CXX_LANGUAGE_STANDARD = "gnu++14";
				CLANG_CXX_LIBRARY = "libc++";
				CLANG_ENABLE_MODULES = YES;
				CLANG_ENABLE_OBJC_ARC = YES;
				CLANG_ENABLE_OBJC_WEAK = YES;
				CLANG_WARN_BLOCK_CAPTURE_AUTORELEASING = YES;
				CLANG_WARN_BOOL_CONVERSION = YES;
				CLANG_WARN_COMMA = YES;
				CLANG_WARN_CONSTANT_CONVERSION = YES;
				CLANG_WARN_DEPRECATED_OBJC_IMPLEMENTATIONS = YES;
				CLANG_WARN_DIRECT_OBJC_ISA_USAGE = YES_ERROR;
				CLANG_WARN_DOCUMENTATION_COMMENTS = YES;
				CLANG_WARN_EMPTY_BODY = YES;
				CLANG_WARN_ENUM_CONVERSION = YES;
				CLANG_WARN_INFINITE_RECURSION = YES;
				CLANG_WARN_INT_CONVERSION = YES;
				CLANG_WARN_NON_LITERAL_NULL_CONVERSION = YES;
				CLANG_WARN_OBJC_IMPLICIT_RETAIN_SELF = YES;
				CLANG_WARN_OBJC_LITERAL_CONVERSION = YES;
				CLANG_WARN_OBJC_ROOT_CLASS = YES_ERROR;
				CLANG_WARN_QUOTED_INCLUDE_IN_FRAMEWORK_HEADER = YES;
				CLANG_WARN_RANGE_LOOP_ANALYSIS = YES;
				CLANG_WARN_STRICT_PROTOTYPES = YES;
				CLANG_WARN_SUSPICIOUS_MOVE = YES;
				CLANG_WARN_UNGUARDED_AVAILABILITY = YES_AGGRESSIVE;
				CLANG_WARN_UNREACHABLE_CODE = YES;
				CLANG_WARN__DUPLICATE_METHOD_MATCH = YES;
				COPY_PHASE_STRIP = NO;
				DEBUG_INFORMATION_FORMAT = "dwarf-with-dsym";
				ENABLE_NS_ASSERTIONS = NO;
				ENABLE_STRICT_OBJC_MSGSEND = YES;
				GCC_C_LANGUAGE_STANDARD = gnu11;
				GCC_NO_COMMON_BLOCKS = YES;
				GCC_WARN_64_TO_32_BIT_CONVERSION = YES;
				GCC_WARN_ABOUT_RETURN_TYPE = YES_ERROR;
				GCC_WARN_UNDECLARED_SELECTOR = YES;
				GCC_WARN_UNINITIALIZED_AUTOS = YES_AGGRESSIVE;
				GCC_WARN_UNUSED_FUNCTION = YES;
				GCC_WARN_UNUSED_VARIABLE = YES;
				IPHONEOS_DEPLOYMENT_TARGET = 14.4;
				MTL_ENABLE_DEBUG_INFO = NO;
				MTL_FAST_MATH = YES;
				SDKROOT = iphoneos;
				SWIFT_COMPILATION_MODE = wholemodule;
				SWIFT_OPTIMIZATION_LEVEL = "-O";
				VALIDATE_PRODUCT = YES;
			};
			name = Release;
		};
		3A4708682619639100507F37 /* Debug */ = {
			isa = XCBuildConfiguration;
			buildSettings = {
				ASSETCATALOG_COMPILER_APPICON_NAME = AppIcon;
				ASSETCATALOG_COMPILER_GLOBAL_ACCENT_COLOR_NAME = AccentColor;
				CODE_SIGN_STYLE = Automatic;
				INFOPLIST_FILE = Group_Study_App/Info.plist;
				LD_RUNPATH_SEARCH_PATHS = (
					"$(inherited)",
					"@executable_path/Frameworks",
				);
				PRODUCT_BUNDLE_IDENTIFIER = "Jenkins-Bullock-291.Group-Study-App";
				PRODUCT_NAME = "$(TARGET_NAME)";
				SWIFT_VERSION = 5.0;
				TARGETED_DEVICE_FAMILY = "1,2";
			};
			name = Debug;
		};
		3A4708692619639100507F37 /* Release */ = {
			isa = XCBuildConfiguration;
			buildSettings = {
				ASSETCATALOG_COMPILER_APPICON_NAME = AppIcon;
				ASSETCATALOG_COMPILER_GLOBAL_ACCENT_COLOR_NAME = AccentColor;
				CODE_SIGN_STYLE = Automatic;
				INFOPLIST_FILE = Group_Study_App/Info.plist;
				LD_RUNPATH_SEARCH_PATHS = (
					"$(inherited)",
					"@executable_path/Frameworks",
				);
				PRODUCT_BUNDLE_IDENTIFIER = "Jenkins-Bullock-291.Group-Study-App";
				PRODUCT_NAME = "$(TARGET_NAME)";
				SWIFT_VERSION = 5.0;
				TARGETED_DEVICE_FAMILY = "1,2";
			};
			name = Release;
		};
/* End XCBuildConfiguration section */

/* Begin XCConfigurationList section */
		3A47084E2619639000507F37 /* Build configuration list for PBXProject "Group_Study_App" */ = {
			isa = XCConfigurationList;
			buildConfigurations = (
				3A4708652619639100507F37 /* Debug */,
				3A4708662619639100507F37 /* Release */,
			);
			defaultConfigurationIsVisible = 0;
			defaultConfigurationName = Release;
		};
		3A4708672619639100507F37 /* Build configuration list for PBXNativeTarget "Group_Study_App" */ = {
			isa = XCConfigurationList;
			buildConfigurations = (
				3A4708682619639100507F37 /* Debug */,
				3A4708692619639100507F37 /* Release */,
			);
			defaultConfigurationIsVisible = 0;
			defaultConfigurationName = Release;
		};
/* End XCConfigurationList section */
	};
	rootObject = 3A47084B2619639000507F37 /* Project object */;
}
